// !$*UTF8*$!
{
	archiveVersion = 1;
	classes = {
	};
	objectVersion = 46;
	objects = {

/* Begin PBXBuildFile section */
		A40219C91B1FA7EF0092B1F7 /* SwiftyJSON.swift in Sources */ = {isa = PBXBuildFile; fileRef = A40219C81B1FA7EF0092B1F7 /* SwiftyJSON.swift */; };
		A418E9381B1F513A000BFC6D /* Settings.swift in Sources */ = {isa = PBXBuildFile; fileRef = A418E9371B1F513A000BFC6D /* Settings.swift */; };
		A43E0E611B1B50C40020713F /* GrouphuggerViewController.swift in Sources */ = {isa = PBXBuildFile; fileRef = A43E0E601B1B50C40020713F /* GrouphuggerViewController.swift */; };
		A43E0E651B1B93860020713F /* BeerkingViewController.swift in Sources */ = {isa = PBXBuildFile; fileRef = A43E0E641B1B93860020713F /* BeerkingViewController.swift */; };
		A43E0E671B1B939A0020713F /* MasterscoutViewController.swift in Sources */ = {isa = PBXBuildFile; fileRef = A43E0E661B1B939A0020713F /* MasterscoutViewController.swift */; };
		A43E13DD1B1667A9008B3823 /* AppDelegate.swift in Sources */ = {isa = PBXBuildFile; fileRef = A43E13DC1B1667A9008B3823 /* AppDelegate.swift */; };
		A43E13E41B1667A9008B3823 /* Images.xcassets in Resources */ = {isa = PBXBuildFile; fileRef = A43E13E31B1667A9008B3823 /* Images.xcassets */; };
		A43E13F31B1667A9008B3823 /* BadgetTests.swift in Sources */ = {isa = PBXBuildFile; fileRef = A43E13F21B1667A9008B3823 /* BadgetTests.swift */; };
		A4480BD21B1F6CE30050C744 /* LaunchScreen.xib in Resources */ = {isa = PBXBuildFile; fileRef = A4480BD11B1F6CE30050C744 /* LaunchScreen.xib */; };
		A4892FE41B21BA48008C731B /* CountdownViewController.swift in Sources */ = {isa = PBXBuildFile; fileRef = A4892FE31B21BA48008C731B /* CountdownViewController.swift */; };
		A4892FE71B21BAC4008C731B /* CountdownView.swift in Sources */ = {isa = PBXBuildFile; fileRef = A4892FE61B21BAC4008C731B /* CountdownView.swift */; };
		A48BC23B1B20831F00B8A110 /* MasterscoutView.swift in Sources */ = {isa = PBXBuildFile; fileRef = A48BC23A1B20831F00B8A110 /* MasterscoutView.swift */; };
		A48BC23D1B20833D00B8A110 /* BeerkingView.swift in Sources */ = {isa = PBXBuildFile; fileRef = A48BC23C1B20833D00B8A110 /* BeerkingView.swift */; };
		A48BC2411B208E8300B8A110 /* GrouphuggerView.swift in Sources */ = {isa = PBXBuildFile; fileRef = A48BC2401B208E8300B8A110 /* GrouphuggerView.swift */; };
		A48BC2431B20A8DA00B8A110 /* Grouphugger.swift in Sources */ = {isa = PBXBuildFile; fileRef = A48BC2421B20A8DA00B8A110 /* Grouphugger.swift */; };
		A48BC2451B20AB8A00B8A110 /* Masterscout.swift in Sources */ = {isa = PBXBuildFile; fileRef = A48BC2441B20AB8A00B8A110 /* Masterscout.swift */; };
		A48BC2471B20AB9500B8A110 /* Beerking.swift in Sources */ = {isa = PBXBuildFile; fileRef = A48BC2461B20AB9500B8A110 /* Beerking.swift */; };
		A48BC2491B20B53D00B8A110 /* User.swift in Sources */ = {isa = PBXBuildFile; fileRef = A48BC2481B20B53D00B8A110 /* User.swift */; };
		A48CCE5E1B26405400B41774 /* CoreLocation.framework in Frameworks */ = {isa = PBXBuildFile; fileRef = A48CCE5D1B26405400B41774 /* CoreLocation.framework */; };
		A48CCE601B26405900B41774 /* CoreBluetooth.framework in Frameworks */ = {isa = PBXBuildFile; fileRef = A48CCE5F1B26405900B41774 /* CoreBluetooth.framework */; };
		A48EABE61B1D0723008FEE12 /* ChallengeProtocol.swift in Sources */ = {isa = PBXBuildFile; fileRef = A48EABE51B1D0723008FEE12 /* ChallengeProtocol.swift */; };
		A48EABE81B1DEBD6008FEE12 /* BadgesViewController.swift in Sources */ = {isa = PBXBuildFile; fileRef = A48EABE71B1DEBD6008FEE12 /* BadgesViewController.swift */; };
		A4AD989F1B17A358009ED7AE /* StartViewController.swift in Sources */ = {isa = PBXBuildFile; fileRef = A4AD989E1B17A358009ED7AE /* StartViewController.swift */; };
		A4AD98A11B17A3BA009ED7AE /* StartView.swift in Sources */ = {isa = PBXBuildFile; fileRef = A4AD98A01B17A3BA009ED7AE /* StartView.swift */; };
		A4AD98A31B17AD34009ED7AE /* ChallengesViewController.swift in Sources */ = {isa = PBXBuildFile; fileRef = A4AD98A21B17AD34009ED7AE /* ChallengesViewController.swift */; };
		A4B619F11B28618C00748A1D /* ChallengeView.swift in Sources */ = {isa = PBXBuildFile; fileRef = A4B619F01B28618C00748A1D /* ChallengeView.swift */; };
		A4B619F41B28C4BC00748A1D /* InfoViewController.swift in Sources */ = {isa = PBXBuildFile; fileRef = A4B619F31B28C4BC00748A1D /* InfoViewController.swift */; };
		A4B619F61B28F1AF00748A1D /* ScoreView.swift in Sources */ = {isa = PBXBuildFile; fileRef = A4B619F51B28F1AF00748A1D /* ScoreView.swift */; };
		A4B619F81B28F30200748A1D /* Badge.swift in Sources */ = {isa = PBXBuildFile; fileRef = A4B619F71B28F30200748A1D /* Badge.swift */; };
		A4B619FB1B28FBF000748A1D /* ScoreViewController.swift in Sources */ = {isa = PBXBuildFile; fileRef = A4B619FA1B28FBF000748A1D /* ScoreViewController.swift */; };
		A4B619FE1B29007400748A1D /* InstructionView.swift in Sources */ = {isa = PBXBuildFile; fileRef = A4B619FD1B29007400748A1D /* InstructionView.swift */; };
		A4B61A001B290AEF00748A1D /* Challenge.swift in Sources */ = {isa = PBXBuildFile; fileRef = A4B619FF1B290AEF00748A1D /* Challenge.swift */; };
		A4C03DC21B1F604B00C30B62 /* FileUploader.swift in Sources */ = {isa = PBXBuildFile; fileRef = A4C03DC11B1F604B00C30B62 /* FileUploader.swift */; };
		A4DFB0C31B1914D6005FCF13 /* MapKit.framework in Frameworks */ = {isa = PBXBuildFile; fileRef = A4DFB0C21B1914D6005FCF13 /* MapKit.framework */; };
		E85F6DF389BDADCADC749299 /* Pods.framework in Frameworks */ = {isa = PBXBuildFile; fileRef = FB5D2CC95AD2501AB8C96E3A /* Pods.framework */; settings = {ATTRIBUTES = (Weak, ); }; };
/* End PBXBuildFile section */

/* Begin PBXContainerItemProxy section */
		A43E13ED1B1667A9008B3823 /* PBXContainerItemProxy */ = {
			isa = PBXContainerItemProxy;
			containerPortal = A43E13CF1B1667A9008B3823 /* Project object */;
			proxyType = 1;
			remoteGlobalIDString = A43E13D61B1667A9008B3823;
			remoteInfo = Badget;
		};
/* End PBXContainerItemProxy section */

/* Begin PBXFileReference section */
		335ACF075B77FCACEBBAD971 /* Pods.debug.xcconfig */ = {isa = PBXFileReference; includeInIndex = 1; lastKnownFileType = text.xcconfig; name = Pods.debug.xcconfig; path = "Pods/Target Support Files/Pods/Pods.debug.xcconfig"; sourceTree = "<group>"; };
		6F6500C793CF27A14A745F40 /* Pods.release.xcconfig */ = {isa = PBXFileReference; includeInIndex = 1; lastKnownFileType = text.xcconfig; name = Pods.release.xcconfig; path = "Pods/Target Support Files/Pods/Pods.release.xcconfig"; sourceTree = "<group>"; };
		A40219C81B1FA7EF0092B1F7 /* SwiftyJSON.swift */ = {isa = PBXFileReference; fileEncoding = 4; lastKnownFileType = sourcecode.swift; path = SwiftyJSON.swift; sourceTree = "<group>"; };
		A418E9371B1F513A000BFC6D /* Settings.swift */ = {isa = PBXFileReference; fileEncoding = 4; lastKnownFileType = sourcecode.swift; path = Settings.swift; sourceTree = "<group>"; };
		A43E0E601B1B50C40020713F /* GrouphuggerViewController.swift */ = {isa = PBXFileReference; fileEncoding = 4; lastKnownFileType = sourcecode.swift; path = GrouphuggerViewController.swift; sourceTree = "<group>"; };
		A43E0E641B1B93860020713F /* BeerkingViewController.swift */ = {isa = PBXFileReference; fileEncoding = 4; lastKnownFileType = sourcecode.swift; path = BeerkingViewController.swift; sourceTree = "<group>"; };
		A43E0E661B1B939A0020713F /* MasterscoutViewController.swift */ = {isa = PBXFileReference; fileEncoding = 4; lastKnownFileType = sourcecode.swift; path = MasterscoutViewController.swift; sourceTree = "<group>"; };
		A43E13D71B1667A9008B3823 /* Badget.app */ = {isa = PBXFileReference; explicitFileType = wrapper.application; includeInIndex = 0; path = Badget.app; sourceTree = BUILT_PRODUCTS_DIR; };
		A43E13DB1B1667A9008B3823 /* Info.plist */ = {isa = PBXFileReference; lastKnownFileType = text.plist.xml; path = Info.plist; sourceTree = "<group>"; };
		A43E13DC1B1667A9008B3823 /* AppDelegate.swift */ = {isa = PBXFileReference; lastKnownFileType = sourcecode.swift; path = AppDelegate.swift; sourceTree = "<group>"; };
		A43E13E31B1667A9008B3823 /* Images.xcassets */ = {isa = PBXFileReference; lastKnownFileType = folder.assetcatalog; path = Images.xcassets; sourceTree = "<group>"; };
		A43E13EC1B1667A9008B3823 /* BadgetTests.xctest */ = {isa = PBXFileReference; explicitFileType = wrapper.cfbundle; includeInIndex = 0; path = BadgetTests.xctest; sourceTree = BUILT_PRODUCTS_DIR; };
		A43E13F11B1667A9008B3823 /* Info.plist */ = {isa = PBXFileReference; lastKnownFileType = text.plist.xml; path = Info.plist; sourceTree = "<group>"; };
		A43E13F21B1667A9008B3823 /* BadgetTests.swift */ = {isa = PBXFileReference; lastKnownFileType = sourcecode.swift; path = BadgetTests.swift; sourceTree = "<group>"; };
		A4480BD11B1F6CE30050C744 /* LaunchScreen.xib */ = {isa = PBXFileReference; fileEncoding = 4; lastKnownFileType = file.xib; path = LaunchScreen.xib; sourceTree = "<group>"; };
		A4892FE31B21BA48008C731B /* CountdownViewController.swift */ = {isa = PBXFileReference; fileEncoding = 4; lastKnownFileType = sourcecode.swift; path = CountdownViewController.swift; sourceTree = "<group>"; };
		A4892FE61B21BAC4008C731B /* CountdownView.swift */ = {isa = PBXFileReference; fileEncoding = 4; lastKnownFileType = sourcecode.swift; path = CountdownView.swift; sourceTree = "<group>"; };
		A48BC23A1B20831F00B8A110 /* MasterscoutView.swift */ = {isa = PBXFileReference; fileEncoding = 4; lastKnownFileType = sourcecode.swift; path = MasterscoutView.swift; sourceTree = "<group>"; };
		A48BC23C1B20833D00B8A110 /* BeerkingView.swift */ = {isa = PBXFileReference; fileEncoding = 4; lastKnownFileType = sourcecode.swift; path = BeerkingView.swift; sourceTree = "<group>"; };
		A48BC2401B208E8300B8A110 /* GrouphuggerView.swift */ = {isa = PBXFileReference; fileEncoding = 4; lastKnownFileType = sourcecode.swift; path = GrouphuggerView.swift; sourceTree = "<group>"; };
		A48BC2421B20A8DA00B8A110 /* Grouphugger.swift */ = {isa = PBXFileReference; fileEncoding = 4; lastKnownFileType = sourcecode.swift; path = Grouphugger.swift; sourceTree = "<group>"; };
		A48BC2441B20AB8A00B8A110 /* Masterscout.swift */ = {isa = PBXFileReference; fileEncoding = 4; lastKnownFileType = sourcecode.swift; path = Masterscout.swift; sourceTree = "<group>"; };
		A48BC2461B20AB9500B8A110 /* Beerking.swift */ = {isa = PBXFileReference; fileEncoding = 4; lastKnownFileType = sourcecode.swift; path = Beerking.swift; sourceTree = "<group>"; };
		A48BC2481B20B53D00B8A110 /* User.swift */ = {isa = PBXFileReference; fileEncoding = 4; lastKnownFileType = sourcecode.swift; path = User.swift; sourceTree = "<group>"; };
		A48CCE5D1B26405400B41774 /* CoreLocation.framework */ = {isa = PBXFileReference; lastKnownFileType = wrapper.framework; name = CoreLocation.framework; path = System/Library/Frameworks/CoreLocation.framework; sourceTree = SDKROOT; };
		A48CCE5F1B26405900B41774 /* CoreBluetooth.framework */ = {isa = PBXFileReference; lastKnownFileType = wrapper.framework; name = CoreBluetooth.framework; path = System/Library/Frameworks/CoreBluetooth.framework; sourceTree = SDKROOT; };
		A48EABE51B1D0723008FEE12 /* ChallengeProtocol.swift */ = {isa = PBXFileReference; fileEncoding = 4; lastKnownFileType = sourcecode.swift; path = ChallengeProtocol.swift; sourceTree = "<group>"; };
		A48EABE71B1DEBD6008FEE12 /* BadgesViewController.swift */ = {isa = PBXFileReference; fileEncoding = 4; lastKnownFileType = sourcecode.swift; path = BadgesViewController.swift; sourceTree = "<group>"; };
		A4AD989E1B17A358009ED7AE /* StartViewController.swift */ = {isa = PBXFileReference; fileEncoding = 4; lastKnownFileType = sourcecode.swift; path = StartViewController.swift; sourceTree = "<group>"; };
		A4AD98A01B17A3BA009ED7AE /* StartView.swift */ = {isa = PBXFileReference; fileEncoding = 4; lastKnownFileType = sourcecode.swift; path = StartView.swift; sourceTree = "<group>"; };
		A4AD98A21B17AD34009ED7AE /* ChallengesViewController.swift */ = {isa = PBXFileReference; fileEncoding = 4; lastKnownFileType = sourcecode.swift; path = ChallengesViewController.swift; sourceTree = "<group>"; };
		A4B619F01B28618C00748A1D /* ChallengeView.swift */ = {isa = PBXFileReference; fileEncoding = 4; lastKnownFileType = sourcecode.swift; path = ChallengeView.swift; sourceTree = "<group>"; };
		A4B619F31B28C4BC00748A1D /* InfoViewController.swift */ = {isa = PBXFileReference; fileEncoding = 4; lastKnownFileType = sourcecode.swift; path = InfoViewController.swift; sourceTree = "<group>"; };
		A4B619F51B28F1AF00748A1D /* ScoreView.swift */ = {isa = PBXFileReference; fileEncoding = 4; lastKnownFileType = sourcecode.swift; path = ScoreView.swift; sourceTree = "<group>"; };
		A4B619F71B28F30200748A1D /* Badge.swift */ = {isa = PBXFileReference; fileEncoding = 4; lastKnownFileType = sourcecode.swift; path = Badge.swift; sourceTree = "<group>"; };
		A4B619FA1B28FBF000748A1D /* ScoreViewController.swift */ = {isa = PBXFileReference; fileEncoding = 4; lastKnownFileType = sourcecode.swift; path = ScoreViewController.swift; sourceTree = "<group>"; };
		A4B619FD1B29007400748A1D /* InstructionView.swift */ = {isa = PBXFileReference; fileEncoding = 4; lastKnownFileType = sourcecode.swift; path = InstructionView.swift; sourceTree = "<group>"; };
		A4B619FF1B290AEF00748A1D /* Challenge.swift */ = {isa = PBXFileReference; fileEncoding = 4; lastKnownFileType = sourcecode.swift; path = Challenge.swift; sourceTree = "<group>"; };
		A4C03DC11B1F604B00C30B62 /* FileUploader.swift */ = {isa = PBXFileReference; fileEncoding = 4; lastKnownFileType = sourcecode.swift; path = FileUploader.swift; sourceTree = "<group>"; };
		A4DFB0C21B1914D6005FCF13 /* MapKit.framework */ = {isa = PBXFileReference; lastKnownFileType = wrapper.framework; name = MapKit.framework; path = System/Library/Frameworks/MapKit.framework; sourceTree = SDKROOT; };
		FB5D2CC95AD2501AB8C96E3A /* Pods.framework */ = {isa = PBXFileReference; explicitFileType = wrapper.framework; includeInIndex = 0; path = Pods.framework; sourceTree = BUILT_PRODUCTS_DIR; };
/* End PBXFileReference section */

/* Begin PBXFrameworksBuildPhase section */
		A43E13D41B1667A9008B3823 /* Frameworks */ = {
			isa = PBXFrameworksBuildPhase;
			buildActionMask = 2147483647;
			files = (
				A48CCE601B26405900B41774 /* CoreBluetooth.framework in Frameworks */,
				A48CCE5E1B26405400B41774 /* CoreLocation.framework in Frameworks */,
				A4DFB0C31B1914D6005FCF13 /* MapKit.framework in Frameworks */,
				E85F6DF389BDADCADC749299 /* Pods.framework in Frameworks */,
			);
			runOnlyForDeploymentPostprocessing = 0;
		};
		A43E13E91B1667A9008B3823 /* Frameworks */ = {
			isa = PBXFrameworksBuildPhase;
			buildActionMask = 2147483647;
			files = (
			);
			runOnlyForDeploymentPostprocessing = 0;
		};
/* End PBXFrameworksBuildPhase section */

/* Begin PBXGroup section */
		A429304F1B1F6A40009762F9 /* Classes */ = {
			isa = PBXGroup;
			children = (
				A40219C81B1FA7EF0092B1F7 /* SwiftyJSON.swift */,
				A4C03DC11B1F604B00C30B62 /* FileUploader.swift */,
			);
			name = Classes;
			sourceTree = "<group>";
		};
		A43E13CE1B1667A9008B3823 = {
			isa = PBXGroup;
			children = (
				A43E13D91B1667A9008B3823 /* Badget */,
				A43E13EF1B1667A9008B3823 /* BadgetTests */,
				A43E13D81B1667A9008B3823 /* Products */,
				CA53C15DB4BCA9FC63D08228 /* Pods */,
				E79CD02054F09183C6B1EC8F /* Frameworks */,
			);
			sourceTree = "<group>";
		};
		A43E13D81B1667A9008B3823 /* Products */ = {
			isa = PBXGroup;
			children = (
				A43E13D71B1667A9008B3823 /* Badget.app */,
				A43E13EC1B1667A9008B3823 /* BadgetTests.xctest */,
			);
			name = Products;
			sourceTree = "<group>";
		};
		A43E13D91B1667A9008B3823 /* Badget */ = {
			isa = PBXGroup;
			children = (
				A429304F1B1F6A40009762F9 /* Classes */,
				A418E9371B1F513A000BFC6D /* Settings.swift */,
				A4B619F21B28C49C00748A1D /* Info */,
				A4AD989D1B179F14009ED7AE /* Badges */,
				A4B619F91B28FBD800748A1D /* Score */,
				A4B619FC1B29005400748A1D /* Instruction */,
				A4AD989C1B179F0D009ED7AE /* Challenges */,
				A4892FE51B21BA59008C731B /* Countdown */,
				A4AD989B1B179EF7009ED7AE /* Start */,
				A43E13DC1B1667A9008B3823 /* AppDelegate.swift */,
				A43E13E31B1667A9008B3823 /* Images.xcassets */,
				A4480BD11B1F6CE30050C744 /* LaunchScreen.xib */,
				A43E13DA1B1667A9008B3823 /* Supporting Files */,
				A48BC2481B20B53D00B8A110 /* User.swift */,
			);
			path = Badget;
			sourceTree = "<group>";
		};
		A43E13DA1B1667A9008B3823 /* Supporting Files */ = {
			isa = PBXGroup;
			children = (
				A43E13DB1B1667A9008B3823 /* Info.plist */,
			);
			name = "Supporting Files";
			sourceTree = "<group>";
		};
		A43E13EF1B1667A9008B3823 /* BadgetTests */ = {
			isa = PBXGroup;
			children = (
				A43E13F21B1667A9008B3823 /* BadgetTests.swift */,
				A43E13F01B1667A9008B3823 /* Supporting Files */,
			);
			path = BadgetTests;
			sourceTree = "<group>";
		};
		A43E13F01B1667A9008B3823 /* Supporting Files */ = {
			isa = PBXGroup;
			children = (
				A43E13F11B1667A9008B3823 /* Info.plist */,
			);
			name = "Supporting Files";
			sourceTree = "<group>";
		};
		A4892FE51B21BA59008C731B /* Countdown */ = {
			isa = PBXGroup;
			children = (
				A4892FE31B21BA48008C731B /* CountdownViewController.swift */,
				A4892FE61B21BAC4008C731B /* CountdownView.swift */,
			);
			name = Countdown;
			sourceTree = "<group>";
		};
		A48BC2311B20754300B8A110 /* Beerking */ = {
			isa = PBXGroup;
			children = (
				A43E0E641B1B93860020713F /* BeerkingViewController.swift */,
				A48BC23C1B20833D00B8A110 /* BeerkingView.swift */,
				A48BC2461B20AB9500B8A110 /* Beerking.swift */,
			);
			name = Beerking;
			sourceTree = "<group>";
		};
		A48BC2321B20754B00B8A110 /* Grouphugger */ = {
			isa = PBXGroup;
			children = (
				A43E0E601B1B50C40020713F /* GrouphuggerViewController.swift */,
				A48BC2401B208E8300B8A110 /* GrouphuggerView.swift */,
				A48BC2421B20A8DA00B8A110 /* Grouphugger.swift */,
			);
			name = Grouphugger;
			sourceTree = "<group>";
		};
		A48BC2331B20755400B8A110 /* Masterscout */ = {
			isa = PBXGroup;
			children = (
				A43E0E661B1B939A0020713F /* MasterscoutViewController.swift */,
				A48BC23A1B20831F00B8A110 /* MasterscoutView.swift */,
				A48BC2441B20AB8A00B8A110 /* Masterscout.swift */,
			);
			name = Masterscout;
			sourceTree = "<group>";
		};
		A4AD989B1B179EF7009ED7AE /* Start */ = {
			isa = PBXGroup;
			children = (
				A4AD989E1B17A358009ED7AE /* StartViewController.swift */,
				A4AD98A01B17A3BA009ED7AE /* StartView.swift */,
			);
			name = Start;
			sourceTree = "<group>";
		};
		A4AD989C1B179F0D009ED7AE /* Challenges */ = {
			isa = PBXGroup;
			children = (
				A4AD98A21B17AD34009ED7AE /* ChallengesViewController.swift */,
				A48EABE51B1D0723008FEE12 /* ChallengeProtocol.swift */,
				A4B619F01B28618C00748A1D /* ChallengeView.swift */,
				A4B619FF1B290AEF00748A1D /* Challenge.swift */,
				A48BC2321B20754B00B8A110 /* Grouphugger */,
				A48BC2331B20755400B8A110 /* Masterscout */,
				A48BC2311B20754300B8A110 /* Beerking */,
			);
			name = Challenges;
			sourceTree = "<group>";
		};
		A4AD989D1B179F14009ED7AE /* Badges */ = {
			isa = PBXGroup;
			children = (
				A48EABE71B1DEBD6008FEE12 /* BadgesViewController.swift */,
				A4B619F71B28F30200748A1D /* Badge.swift */,
			);
			name = Badges;
			sourceTree = "<group>";
		};
		A4B619F21B28C49C00748A1D /* Info */ = {
			isa = PBXGroup;
			children = (
				A4B619F31B28C4BC00748A1D /* InfoViewController.swift */,
			);
			name = Info;
			sourceTree = "<group>";
		};
		A4B619F91B28FBD800748A1D /* Score */ = {
			isa = PBXGroup;
			children = (
				A4B619FA1B28FBF000748A1D /* ScoreViewController.swift */,
				A4B619F51B28F1AF00748A1D /* ScoreView.swift */,
			);
			name = Score;
			sourceTree = "<group>";
		};
		A4B619FC1B29005400748A1D /* Instruction */ = {
			isa = PBXGroup;
			children = (
				A4B619FD1B29007400748A1D /* InstructionView.swift */,
			);
			name = Instruction;
			sourceTree = "<group>";
		};
		CA53C15DB4BCA9FC63D08228 /* Pods */ = {
			isa = PBXGroup;
			children = (
				335ACF075B77FCACEBBAD971 /* Pods.debug.xcconfig */,
				6F6500C793CF27A14A745F40 /* Pods.release.xcconfig */,
			);
			name = Pods;
			sourceTree = "<group>";
		};
		E79CD02054F09183C6B1EC8F /* Frameworks */ = {
			isa = PBXGroup;
			children = (
				A48CCE5F1B26405900B41774 /* CoreBluetooth.framework */,
				A48CCE5D1B26405400B41774 /* CoreLocation.framework */,
				A4DFB0C21B1914D6005FCF13 /* MapKit.framework */,
				FB5D2CC95AD2501AB8C96E3A /* Pods.framework */,
			);
			name = Frameworks;
			sourceTree = "<group>";
		};
/* End PBXGroup section */

/* Begin PBXNativeTarget section */
		A43E13D61B1667A9008B3823 /* Badget */ = {
			isa = PBXNativeTarget;
			buildConfigurationList = A43E13F61B1667A9008B3823 /* Build configuration list for PBXNativeTarget "Badget" */;
			buildPhases = (
				AC24130321733488869BBF5D /* Check Pods Manifest.lock */,
				A43E13D31B1667A9008B3823 /* Sources */,
				A43E13D41B1667A9008B3823 /* Frameworks */,
				A43E13D51B1667A9008B3823 /* Resources */,
				E3D695B24C49B99083DF1A9C /* Embed Pods Frameworks */,
				BC8C4BDCEC7AB6BB31E93DAA /* Copy Pods Resources */,
			);
			buildRules = (
			);
			dependencies = (
			);
			name = Badget;
			productName = Badget;
			productReference = A43E13D71B1667A9008B3823 /* Badget.app */;
			productType = "com.apple.product-type.application";
		};
		A43E13EB1B1667A9008B3823 /* BadgetTests */ = {
			isa = PBXNativeTarget;
			buildConfigurationList = A43E13F91B1667A9008B3823 /* Build configuration list for PBXNativeTarget "BadgetTests" */;
			buildPhases = (
				A43E13E81B1667A9008B3823 /* Sources */,
				A43E13E91B1667A9008B3823 /* Frameworks */,
				A43E13EA1B1667A9008B3823 /* Resources */,
			);
			buildRules = (
			);
			dependencies = (
				A43E13EE1B1667A9008B3823 /* PBXTargetDependency */,
			);
			name = BadgetTests;
			productName = BadgetTests;
			productReference = A43E13EC1B1667A9008B3823 /* BadgetTests.xctest */;
			productType = "com.apple.product-type.bundle.unit-test";
		};
/* End PBXNativeTarget section */

/* Begin PBXProject section */
		A43E13CF1B1667A9008B3823 /* Project object */ = {
			isa = PBXProject;
			attributes = {
				LastUpgradeCheck = 0630;
				ORGANIZATIONNAME = "Jasper Van Damme";
				TargetAttributes = {
					A43E13D61B1667A9008B3823 = {
						CreatedOnToolsVersion = 6.3.2;
						SystemCapabilities = {
							com.apple.Maps.iOS = {
								enabled = 1;
							};
						};
					};
					A43E13EB1B1667A9008B3823 = {
						CreatedOnToolsVersion = 6.3.2;
						TestTargetID = A43E13D61B1667A9008B3823;
					};
				};
			};
			buildConfigurationList = A43E13D21B1667A9008B3823 /* Build configuration list for PBXProject "Badget" */;
			compatibilityVersion = "Xcode 3.2";
			developmentRegion = English;
			hasScannedForEncodings = 0;
			knownRegions = (
				en,
				Base,
			);
			mainGroup = A43E13CE1B1667A9008B3823;
			productRefGroup = A43E13D81B1667A9008B3823 /* Products */;
			projectDirPath = "";
			projectRoot = "";
			targets = (
				A43E13D61B1667A9008B3823 /* Badget */,
				A43E13EB1B1667A9008B3823 /* BadgetTests */,
			);
		};
/* End PBXProject section */

/* Begin PBXResourcesBuildPhase section */
		A43E13D51B1667A9008B3823 /* Resources */ = {
			isa = PBXResourcesBuildPhase;
			buildActionMask = 2147483647;
			files = (
				A4480BD21B1F6CE30050C744 /* LaunchScreen.xib in Resources */,
				A43E13E41B1667A9008B3823 /* Images.xcassets in Resources */,
			);
			runOnlyForDeploymentPostprocessing = 0;
		};
		A43E13EA1B1667A9008B3823 /* Resources */ = {
			isa = PBXResourcesBuildPhase;
			buildActionMask = 2147483647;
			files = (
			);
			runOnlyForDeploymentPostprocessing = 0;
		};
/* End PBXResourcesBuildPhase section */

/* Begin PBXShellScriptBuildPhase section */
		AC24130321733488869BBF5D /* Check Pods Manifest.lock */ = {
			isa = PBXShellScriptBuildPhase;
			buildActionMask = 2147483647;
			files = (
			);
			inputPaths = (
			);
			name = "Check Pods Manifest.lock";
			outputPaths = (
			);
			runOnlyForDeploymentPostprocessing = 0;
			shellPath = /bin/sh;
			shellScript = "diff \"${PODS_ROOT}/../Podfile.lock\" \"${PODS_ROOT}/Manifest.lock\" > /dev/null\nif [[ $? != 0 ]] ; then\n    cat << EOM\nerror: The sandbox is not in sync with the Podfile.lock. Run 'pod install' or update your CocoaPods installation.\nEOM\n    exit 1\nfi\n";
			showEnvVarsInLog = 0;
		};
		BC8C4BDCEC7AB6BB31E93DAA /* Copy Pods Resources */ = {
			isa = PBXShellScriptBuildPhase;
			buildActionMask = 2147483647;
			files = (
			);
			inputPaths = (
			);
			name = "Copy Pods Resources";
			outputPaths = (
			);
			runOnlyForDeploymentPostprocessing = 0;
			shellPath = /bin/sh;
			shellScript = "\"${SRCROOT}/Pods/Target Support Files/Pods/Pods-resources.sh\"\n";
			showEnvVarsInLog = 0;
		};
		E3D695B24C49B99083DF1A9C /* Embed Pods Frameworks */ = {
			isa = PBXShellScriptBuildPhase;
			buildActionMask = 2147483647;
			files = (
			);
			inputPaths = (
			);
			name = "Embed Pods Frameworks";
			outputPaths = (
			);
			runOnlyForDeploymentPostprocessing = 0;
			shellPath = /bin/sh;
			shellScript = "\"${SRCROOT}/Pods/Target Support Files/Pods/Pods-frameworks.sh\"\n";
			showEnvVarsInLog = 0;
		};
/* End PBXShellScriptBuildPhase section */

/* Begin PBXSourcesBuildPhase section */
		A43E13D31B1667A9008B3823 /* Sources */ = {
			isa = PBXSourcesBuildPhase;
			buildActionMask = 2147483647;
			files = (
				A48BC2491B20B53D00B8A110 /* User.swift in Sources */,
				A48BC23D1B20833D00B8A110 /* BeerkingView.swift in Sources */,
				A48BC2471B20AB9500B8A110 /* Beerking.swift in Sources */,
				A4B619F41B28C4BC00748A1D /* InfoViewController.swift in Sources */,
				A4B619F61B28F1AF00748A1D /* ScoreView.swift in Sources */,
				A4AD98A31B17AD34009ED7AE /* ChallengesViewController.swift in Sources */,
				A48EABE61B1D0723008FEE12 /* ChallengeProtocol.swift in Sources */,
				A48BC2451B20AB8A00B8A110 /* Masterscout.swift in Sources */,
				A4892FE71B21BAC4008C731B /* CountdownView.swift in Sources */,
				A43E13DD1B1667A9008B3823 /* AppDelegate.swift in Sources */,
				A43E0E611B1B50C40020713F /* GrouphuggerViewController.swift in Sources */,
				A4892FE41B21BA48008C731B /* CountdownViewController.swift in Sources */,
				A4B619F11B28618C00748A1D /* ChallengeView.swift in Sources */,
				A48EABE81B1DEBD6008FEE12 /* BadgesViewController.swift in Sources */,
				A4B619FB1B28FBF000748A1D /* ScoreViewController.swift in Sources */,
				A4C03DC21B1F604B00C30B62 /* FileUploader.swift in Sources */,
				A48BC23B1B20831F00B8A110 /* MasterscoutView.swift in Sources */,
				A418E9381B1F513A000BFC6D /* Settings.swift in Sources */,
				A48BC2411B208E8300B8A110 /* GrouphuggerView.swift in Sources */,
				A43E0E651B1B93860020713F /* BeerkingViewController.swift in Sources */,
				A40219C91B1FA7EF0092B1F7 /* SwiftyJSON.swift in Sources */,
				A4B61A001B290AEF00748A1D /* Challenge.swift in Sources */,
				A4B619F81B28F30200748A1D /* Badge.swift in Sources */,
				A48BC2431B20A8DA00B8A110 /* Grouphugger.swift in Sources */,
				A43E0E671B1B939A0020713F /* MasterscoutViewController.swift in Sources */,
				A4B619FE1B29007400748A1D /* InstructionView.swift in Sources */,
				A4AD989F1B17A358009ED7AE /* StartViewController.swift in Sources */,
				A4AD98A11B17A3BA009ED7AE /* StartView.swift in Sources */,
			);
			runOnlyForDeploymentPostprocessing = 0;
		};
		A43E13E81B1667A9008B3823 /* Sources */ = {
			isa = PBXSourcesBuildPhase;
			buildActionMask = 2147483647;
			files = (
				A43E13F31B1667A9008B3823 /* BadgetTests.swift in Sources */,
			);
			runOnlyForDeploymentPostprocessing = 0;
		};
/* End PBXSourcesBuildPhase section */

/* Begin PBXTargetDependency section */
		A43E13EE1B1667A9008B3823 /* PBXTargetDependency */ = {
			isa = PBXTargetDependency;
			target = A43E13D61B1667A9008B3823 /* Badget */;
			targetProxy = A43E13ED1B1667A9008B3823 /* PBXContainerItemProxy */;
		};
/* End PBXTargetDependency section */

/* Begin XCBuildConfiguration section */
		A43E13F41B1667A9008B3823 /* Debug */ = {
			isa = XCBuildConfiguration;
			buildSettings = {
				ALWAYS_SEARCH_USER_PATHS = NO;
				CLANG_CXX_LANGUAGE_STANDARD = "gnu++0x";
				CLANG_CXX_LIBRARY = "libc++";
				CLANG_ENABLE_MODULES = YES;
				CLANG_ENABLE_OBJC_ARC = YES;
				CLANG_WARN_BOOL_CONVERSION = YES;
				CLANG_WARN_CONSTANT_CONVERSION = YES;
				CLANG_WARN_DIRECT_OBJC_ISA_USAGE = YES_ERROR;
				CLANG_WARN_EMPTY_BODY = YES;
				CLANG_WARN_ENUM_CONVERSION = YES;
				CLANG_WARN_INT_CONVERSION = YES;
				CLANG_WARN_OBJC_ROOT_CLASS = YES_ERROR;
				CLANG_WARN_UNREACHABLE_CODE = YES;
				CLANG_WARN__DUPLICATE_METHOD_MATCH = YES;
				"CODE_SIGN_IDENTITY[sdk=iphoneos*]" = "iPhone Developer";
				COPY_PHASE_STRIP = NO;
				DEBUG_INFORMATION_FORMAT = "dwarf-with-dsym";
				ENABLE_STRICT_OBJC_MSGSEND = YES;
				GCC_C_LANGUAGE_STANDARD = gnu99;
				GCC_DYNAMIC_NO_PIC = NO;
				GCC_NO_COMMON_BLOCKS = YES;
				GCC_OPTIMIZATION_LEVEL = 0;
				GCC_PREPROCESSOR_DEFINITIONS = (
					"DEBUG=1",
					"$(inherited)",
				);
				GCC_SYMBOLS_PRIVATE_EXTERN = NO;
				GCC_WARN_64_TO_32_BIT_CONVERSION = YES;
				GCC_WARN_ABOUT_RETURN_TYPE = YES_ERROR;
				GCC_WARN_UNDECLARED_SELECTOR = YES;
				GCC_WARN_UNINITIALIZED_AUTOS = YES_AGGRESSIVE;
				GCC_WARN_UNUSED_FUNCTION = YES;
				GCC_WARN_UNUSED_VARIABLE = YES;
				IPHONEOS_DEPLOYMENT_TARGET = 8.3;
				MTL_ENABLE_DEBUG_INFO = YES;
				ONLY_ACTIVE_ARCH = YES;
				SDKROOT = iphoneos;
				SWIFT_OPTIMIZATION_LEVEL = "-Onone";
			};
			name = Debug;
		};
		A43E13F51B1667A9008B3823 /* Release */ = {
			isa = XCBuildConfiguration;
			buildSettings = {
				ALWAYS_SEARCH_USER_PATHS = NO;
				CLANG_CXX_LANGUAGE_STANDARD = "gnu++0x";
				CLANG_CXX_LIBRARY = "libc++";
				CLANG_ENABLE_MODULES = YES;
				CLANG_ENABLE_OBJC_ARC = YES;
				CLANG_WARN_BOOL_CONVERSION = YES;
				CLANG_WARN_CONSTANT_CONVERSION = YES;
				CLANG_WARN_DIRECT_OBJC_ISA_USAGE = YES_ERROR;
				CLANG_WARN_EMPTY_BODY = YES;
				CLANG_WARN_ENUM_CONVERSION = YES;
				CLANG_WARN_INT_CONVERSION = YES;
				CLANG_WARN_OBJC_ROOT_CLASS = YES_ERROR;
				CLANG_WARN_UNREACHABLE_CODE = YES;
				CLANG_WARN__DUPLICATE_METHOD_MATCH = YES;
				"CODE_SIGN_IDENTITY[sdk=iphoneos*]" = "iPhone Developer";
				COPY_PHASE_STRIP = NO;
				DEBUG_INFORMATION_FORMAT = "dwarf-with-dsym";
				ENABLE_NS_ASSERTIONS = NO;
				ENABLE_STRICT_OBJC_MSGSEND = YES;
				GCC_C_LANGUAGE_STANDARD = gnu99;
				GCC_NO_COMMON_BLOCKS = YES;
				GCC_WARN_64_TO_32_BIT_CONVERSION = YES;
				GCC_WARN_ABOUT_RETURN_TYPE = YES_ERROR;
				GCC_WARN_UNDECLARED_SELECTOR = YES;
				GCC_WARN_UNINITIALIZED_AUTOS = YES_AGGRESSIVE;
				GCC_WARN_UNUSED_FUNCTION = YES;
				GCC_WARN_UNUSED_VARIABLE = YES;
				IPHONEOS_DEPLOYMENT_TARGET = 8.3;
				MTL_ENABLE_DEBUG_INFO = NO;
				SDKROOT = iphoneos;
				VALIDATE_PRODUCT = YES;
			};
			name = Release;
		};
		A43E13F71B1667A9008B3823 /* Debug */ = {
			isa = XCBuildConfiguration;
			baseConfigurationReference = 335ACF075B77FCACEBBAD971 /* Pods.debug.xcconfig */;
			buildSettings = {
				ASSETCATALOG_COMPILER_APPICON_NAME = AppIcon;
				INFOPLIST_FILE = Badget/Info.plist;
				LD_RUNPATH_SEARCH_PATHS = "$(inherited) @executable_path/Frameworks";
				PRODUCT_NAME = "$(TARGET_NAME)";
				TARGETED_DEVICE_FAMILY = 1;
			};
			name = Debug;
		};
		A43E13F81B1667A9008B3823 /* Release */ = {
			isa = XCBuildConfiguration;
			baseConfigurationReference = 6F6500C793CF27A14A745F40 /* Pods.release.xcconfig */;
			buildSettings = {
				ASSETCATALOG_COMPILER_APPICON_NAME = AppIcon;
				INFOPLIST_FILE = Badget/Info.plist;
				LD_RUNPATH_SEARCH_PATHS = "$(inherited) @executable_path/Frameworks";
				PRODUCT_NAME = "$(TARGET_NAME)";
				TARGETED_DEVICE_FAMILY = 1;
			};
			name = Release;
		};
		A43E13FA1B1667A9008B3823 /* Debug */ = {
			isa = XCBuildConfiguration;
			buildSettings = {
				BUNDLE_LOADER = "$(TEST_HOST)";
				FRAMEWORK_SEARCH_PATHS = (
					"$(SDKROOT)/Developer/Library/Frameworks",
					"$(inherited)",
				);
				GCC_PREPROCESSOR_DEFINITIONS = (
					"DEBUG=1",
					"$(inherited)",
				);
				INFOPLIST_FILE = BadgetTests/Info.plist;
				LD_RUNPATH_SEARCH_PATHS = "$(inherited) @executable_path/Frameworks @loader_path/Frameworks";
				PRODUCT_NAME = "$(TARGET_NAME)";
				TEST_HOST = "$(BUILT_PRODUCTS_DIR)/Badget.app/Badget";
			};
			name = Debug;
		};
		A43E13FB1B1667A9008B3823 /* Release */ = {
			isa = XCBuildConfiguration;
			buildSettings = {
				BUNDLE_LOADER = "$(TEST_HOST)";
				FRAMEWORK_SEARCH_PATHS = (
					"$(SDKROOT)/Developer/Library/Frameworks",
					"$(inherited)",
				);
				INFOPLIST_FILE = BadgetTests/Info.plist;
				LD_RUNPATH_SEARCH_PATHS = "$(inherited) @executable_path/Frameworks @loader_path/Frameworks";
				PRODUCT_NAME = "$(TARGET_NAME)";
				TEST_HOST = "$(BUILT_PRODUCTS_DIR)/Badget.app/Badget";
			};
			name = Release;
		};
/* End XCBuildConfiguration section */

/* Begin XCConfigurationList section */
		A43E13D21B1667A9008B3823 /* Build configuration list for PBXProject "Badget" */ = {
			isa = XCConfigurationList;
			buildConfigurations = (
				A43E13F41B1667A9008B3823 /* Debug */,
				A43E13F51B1667A9008B3823 /* Release */,
			);
			defaultConfigurationIsVisible = 0;
			defaultConfigurationName = Release;
		};
		A43E13F61B1667A9008B3823 /* Build configuration list for PBXNativeTarget "Badget" */ = {
			isa = XCConfigurationList;
			buildConfigurations = (
				A43E13F71B1667A9008B3823 /* Debug */,
				A43E13F81B1667A9008B3823 /* Release */,
			);
			defaultConfigurationIsVisible = 0;
			defaultConfigurationName = Release;
		};
		A43E13F91B1667A9008B3823 /* Build configuration list for PBXNativeTarget "BadgetTests" */ = {
			isa = XCConfigurationList;
			buildConfigurations = (
				A43E13FA1B1667A9008B3823 /* Debug */,
				A43E13FB1B1667A9008B3823 /* Release */,
			);
			defaultConfigurationIsVisible = 0;
			defaultConfigurationName = Release;
		};
/* End XCConfigurationList section */
	};
	rootObject = A43E13CF1B1667A9008B3823 /* Project object */;
}
